
Microsoft Visual Studio Solution File, Format Version 12.00
# Visual Studio Version 17
VisualStudioVersion = 17.7.34003.232
MinimumVisualStudioVersion = 10.0.40219.1
Project("{FAE04EC0-301F-11D3-BF4B-00C04F79EFBC}") = "SimilarImages", "SimilarImages\SimilarImages.csproj", "{8319C21C-7A1B-41F1-919E-5763B16BC05B}"
EndProject
Global
	GlobalSection(SolutionConfigurationPlatforms) = preSolution
		Debug|Any CPU = Debug|Any CPU
		Release|Any CPU = Release|Any CPU
	EndGlobalSection
	GlobalSection(ProjectConfigurationPlatforms) = postSolution
		{8319C21C-7A1B-41F1-919E-5763B16BC05B}.Debug|Any CPU.ActiveCfg = Debug|Any CPU
		{8319C21C-7A1B-41F1-919E-5763B16BC05B}.Debug|Any CPU.Build.0 = Debug|Any CPU
		{8319C21C-7A1B-41F1-919E-5763B16BC05B}.Release|Any CPU.ActiveCfg = Release|Any CPU
		{8319C21C-7A1B-41F1-919E-5763B16BC05B}.Release|Any CPU.Build.0 = Release|Any CPU
	EndGlobalSection
	GlobalSection(SolutionProperties) = preSolution
		HideSolutionNode = FALSE
	EndGlobalSection
	GlobalSection(ExtensibilityGlobals) = postSolution
		SolutionGuid = {241603D9-76F5-450F-87B0-E45AEF377C3A}
	EndGlobalSection
EndGlobal
